
Microsoft Visual Studio Solution File, Format Version 12.00
# Visual Studio Version 16
VisualStudioVersion = 16.0.29709.97
MinimumVisualStudioVersion = 10.0.40219.1
Project("{9A19103F-16F7-4668-BE54-9A1E7A4F7556}") = "Data", "Data\Data.csproj", "{DAB3BA27-DF0A-4282-A1D4-E33CD49DA492}"
EndProject
Project("{9A19103F-16F7-4668-BE54-9A1E7A4F7556}") = "Domain", "Domain\Domain.csproj", "{0405F22A-37B3-4113-9CCB-C31F051D9719}"
EndProject
Project("{9A19103F-16F7-4668-BE54-9A1E7A4F7556}") = "Facade", "Facade\Facade.csproj", "{58A04E5B-B6A8-478A-BF04-C190CE946945}"
EndProject
Project("{9A19103F-16F7-4668-BE54-9A1E7A4F7556}") = "Infra", "Infra\Infra.csproj", "{36B9990A-CE1E-4EBD-8190-BF699B5DF49D}"
EndProject
Project("{9A19103F-16F7-4668-BE54-9A1E7A4F7556}") = "Pages", "Pages\Pages.csproj", "{F5E16815-5BC9-4EEF-92CB-E15677349504}"
EndProject
Project("{2150E333-8FDC-42A3-9474-1A3956D46DE8}") = "Time Log", "Time Log", "{FE6D8CC7-C810-4FCC-814D-A74B3EAFF37F}"
	ProjectSection(SolutionItems) = preProject
		Time recording log.xlsx = Time recording log.xlsx
	EndProjectSection
EndProject
Project("{9A19103F-16F7-4668-BE54-9A1E7A4F7556}") = "Soft", "Soft\Soft.csproj", "{D86D2BBF-3B41-4A54-BFFC-998EB7B4DE8B}"
EndProject
Project("{9A19103F-16F7-4668-BE54-9A1E7A4F7556}") = "Tests", "Tests\Tests.csproj", "{BD3BAD0C-CA29-40B0-8230-7EACE4DDB28F}"
EndProject
Project("{FAE04EC0-301F-11D3-BF4B-00C04F79EFBC}") = "Aids", "Aids\Aids.csproj", "{79F570AE-D3B9-423E-B4A5-872049508A5D}"
EndProject
Global
	GlobalSection(SolutionConfigurationPlatforms) = preSolution
		Debug|Any CPU = Debug|Any CPU
		Release|Any CPU = Release|Any CPU
	EndGlobalSection
	GlobalSection(ProjectConfigurationPlatforms) = postSolution
		{DAB3BA27-DF0A-4282-A1D4-E33CD49DA492}.Debug|Any CPU.ActiveCfg = Debug|Any CPU
		{DAB3BA27-DF0A-4282-A1D4-E33CD49DA492}.Debug|Any CPU.Build.0 = Debug|Any CPU
		{DAB3BA27-DF0A-4282-A1D4-E33CD49DA492}.Release|Any CPU.ActiveCfg = Release|Any CPU
		{DAB3BA27-DF0A-4282-A1D4-E33CD49DA492}.Release|Any CPU.Build.0 = Release|Any CPU
		{0405F22A-37B3-4113-9CCB-C31F051D9719}.Debug|Any CPU.ActiveCfg = Debug|Any CPU
		{0405F22A-37B3-4113-9CCB-C31F051D9719}.Debug|Any CPU.Build.0 = Debug|Any CPU
		{0405F22A-37B3-4113-9CCB-C31F051D9719}.Release|Any CPU.ActiveCfg = Release|Any CPU
		{0405F22A-37B3-4113-9CCB-C31F051D9719}.Release|Any CPU.Build.0 = Release|Any CPU
		{58A04E5B-B6A8-478A-BF04-C190CE946945}.Debug|Any CPU.ActiveCfg = Debug|Any CPU
		{58A04E5B-B6A8-478A-BF04-C190CE946945}.Debug|Any CPU.Build.0 = Debug|Any CPU
		{58A04E5B-B6A8-478A-BF04-C190CE946945}.Release|Any CPU.ActiveCfg = Release|Any CPU
		{58A04E5B-B6A8-478A-BF04-C190CE946945}.Release|Any CPU.Build.0 = Release|Any CPU
		{36B9990A-CE1E-4EBD-8190-BF699B5DF49D}.Debug|Any CPU.ActiveCfg = Debug|Any CPU
		{36B9990A-CE1E-4EBD-8190-BF699B5DF49D}.Debug|Any CPU.Build.0 = Debug|Any CPU
		{36B9990A-CE1E-4EBD-8190-BF699B5DF49D}.Release|Any CPU.ActiveCfg = Release|Any CPU
		{36B9990A-CE1E-4EBD-8190-BF699B5DF49D}.Release|Any CPU.Build.0 = Release|Any CPU
		{F5E16815-5BC9-4EEF-92CB-E15677349504}.Debug|Any CPU.ActiveCfg = Debug|Any CPU
		{F5E16815-5BC9-4EEF-92CB-E15677349504}.Debug|Any CPU.Build.0 = Debug|Any CPU
		{F5E16815-5BC9-4EEF-92CB-E15677349504}.Release|Any CPU.ActiveCfg = Release|Any CPU
		{F5E16815-5BC9-4EEF-92CB-E15677349504}.Release|Any CPU.Build.0 = Release|Any CPU
		{D86D2BBF-3B41-4A54-BFFC-998EB7B4DE8B}.Debug|Any CPU.ActiveCfg = Debug|Any CPU
		{D86D2BBF-3B41-4A54-BFFC-998EB7B4DE8B}.Debug|Any CPU.Build.0 = Debug|Any CPU
		{D86D2BBF-3B41-4A54-BFFC-998EB7B4DE8B}.Release|Any CPU.ActiveCfg = Release|Any CPU
		{D86D2BBF-3B41-4A54-BFFC-998EB7B4DE8B}.Release|Any CPU.Build.0 = Release|Any CPU
		{BD3BAD0C-CA29-40B0-8230-7EACE4DDB28F}.Debug|Any CPU.ActiveCfg = Debug|Any CPU
		{BD3BAD0C-CA29-40B0-8230-7EACE4DDB28F}.Debug|Any CPU.Build.0 = Debug|Any CPU
		{BD3BAD0C-CA29-40B0-8230-7EACE4DDB28F}.Release|Any CPU.ActiveCfg = Release|Any CPU
		{BD3BAD0C-CA29-40B0-8230-7EACE4DDB28F}.Release|Any CPU.Build.0 = Release|Any CPU
		{79F570AE-D3B9-423E-B4A5-872049508A5D}.Debug|Any CPU.ActiveCfg = Debug|Any CPU
		{79F570AE-D3B9-423E-B4A5-872049508A5D}.Debug|Any CPU.Build.0 = Debug|Any CPU
		{79F570AE-D3B9-423E-B4A5-872049508A5D}.Release|Any CPU.ActiveCfg = Release|Any CPU
		{79F570AE-D3B9-423E-B4A5-872049508A5D}.Release|Any CPU.Build.0 = Release|Any CPU
	EndGlobalSection
	GlobalSection(SolutionProperties) = preSolution
		HideSolutionNode = FALSE
	EndGlobalSection
	GlobalSection(ExtensibilityGlobals) = postSolution
		SolutionGuid = {795FA0F4-1484-48B2-A822-4488FB080595}
	EndGlobalSection
EndGlobal
